
Microsoft Visual Studio Solution File, Format Version 12.00
# Visual Studio Version 16
VisualStudioVersion = 16.0.28803.352
MinimumVisualStudioVersion = 10.0.40219.1
Project("{FAE04EC0-301F-11D3-BF4B-00C04F79EFBC}") = "WebApplication", "WebApplication\WebApplication.csproj", "{1E4E5159-F4F5-4797-9F69-96511994452C}"
EndProject
Global
	GlobalSection(SolutionConfigurationPlatforms) = preSolution
		Debug|Any CPU = Debug|Any CPU
		Release|Any CPU = Release|Any CPU
	EndGlobalSection
	GlobalSection(ProjectConfigurationPlatforms) = postSolution
		{1E4E5159-F4F5-4797-9F69-96511994452C}.Debug|Any CPU.ActiveCfg = Debug|Any CPU
		{1E4E5159-F4F5-4797-9F69-96511994452C}.Debug|Any CPU.Build.0 = Debug|Any CPU
		{1E4E5159-F4F5-4797-9F69-96511994452C}.Release|Any CPU.ActiveCfg = Release|Any CPU
		{1E4E5159-F4F5-4797-9F69-96511994452C}.Release|Any CPU.Build.0 = Release|Any CPU
	EndGlobalSection
	GlobalSection(SolutionProperties) = preSolution
		HideSolutionNode = FALSE
	EndGlobalSection
	GlobalSection(ExtensibilityGlobals) = postSolution
		SolutionGuid = {8DFE567E-FB57-4F2F-AD97-29830F11689C}
	EndGlobalSection
EndGlobal
